
Microsoft Visual Studio Solution File, Format Version 12.00
# Visual Studio Version 17
VisualStudioVersion = 17.14.36429.23 d17.14
MinimumVisualStudioVersion = 10.0.40219.1
Project("{FAE04EC0-301F-11D3-BF4B-00C04F79EFBC}") = "ExpenseTracker.API", "ExpenseTracker.API\ExpenseTracker.API.csproj", "{39346FF4-588B-43FC-982B-6F99A01C946B}"
EndProject
Global
	GlobalSection(SolutionConfigurationPlatforms) = preSolution
		Debug|Any CPU = Debug|Any CPU
		Release|Any CPU = Release|Any CPU
	EndGlobalSection
	GlobalSection(ProjectConfigurationPlatforms) = postSolution
		{39346FF4-588B-43FC-982B-6F99A01C946B}.Debug|Any CPU.ActiveCfg = Debug|Any CPU
		{39346FF4-588B-43FC-982B-6F99A01C946B}.Debug|Any CPU.Build.0 = Debug|Any CPU
		{39346FF4-588B-43FC-982B-6F99A01C946B}.Release|Any CPU.ActiveCfg = Release|Any CPU
		{39346FF4-588B-43FC-982B-6F99A01C946B}.Release|Any CPU.Build.0 = Release|Any CPU
	EndGlobalSection
	GlobalSection(SolutionProperties) = preSolution
		HideSolutionNode = FALSE
	EndGlobalSection
	GlobalSection(ExtensibilityGlobals) = postSolution
		SolutionGuid = {0C9AD5A1-6756-4846-A8C6-46E87FE952AD}
	EndGlobalSection
EndGlobal
